
Microsoft Visual Studio Solution File, Format Version 12.00
# Visual Studio 15
VisualStudioVersion = 15.0.28010.2046
MinimumVisualStudioVersion = 10.0.40219.1
Project("{FAE04EC0-301F-11D3-BF4B-00C04F79EFBC}") = "WebAppDataSenderAMQP", "WebAppDataSenderAMQP\WebAppDataSenderAMQP.csproj", "{047EB512-BAED-425D-9DA7-3E72F6486975}"
EndProject
Project("{FAE04EC0-301F-11D3-BF4B-00C04F79EFBC}") = "DataSenderToEventHub", "DataSenderToEventHub\DataSenderToEventHub.csproj", "{9793031B-1BA1-4FBA-BE06-B1418D90BD7E}"
EndProject
Global
	GlobalSection(SolutionConfigurationPlatforms) = preSolution
		Debug|Any CPU = Debug|Any CPU
		Release|Any CPU = Release|Any CPU
	EndGlobalSection
	GlobalSection(ProjectConfigurationPlatforms) = postSolution
		{047EB512-BAED-425D-9DA7-3E72F6486975}.Debug|Any CPU.ActiveCfg = Debug|Any CPU
		{047EB512-BAED-425D-9DA7-3E72F6486975}.Debug|Any CPU.Build.0 = Debug|Any CPU
		{047EB512-BAED-425D-9DA7-3E72F6486975}.Release|Any CPU.ActiveCfg = Release|Any CPU
		{047EB512-BAED-425D-9DA7-3E72F6486975}.Release|Any CPU.Build.0 = Release|Any CPU
		{9793031B-1BA1-4FBA-BE06-B1418D90BD7E}.Debug|Any CPU.ActiveCfg = Debug|Any CPU
		{9793031B-1BA1-4FBA-BE06-B1418D90BD7E}.Debug|Any CPU.Build.0 = Debug|Any CPU
		{9793031B-1BA1-4FBA-BE06-B1418D90BD7E}.Release|Any CPU.ActiveCfg = Release|Any CPU
		{9793031B-1BA1-4FBA-BE06-B1418D90BD7E}.Release|Any CPU.Build.0 = Release|Any CPU
	EndGlobalSection
	GlobalSection(SolutionProperties) = preSolution
		HideSolutionNode = FALSE
	EndGlobalSection
	GlobalSection(ExtensibilityGlobals) = postSolution
		SolutionGuid = {EBB6BDC9-147E-4A1F-A596-89ADD5EB6896}
	EndGlobalSection
EndGlobal
